
Microsoft Visual Studio Solution File, Format Version 12.00
Project("{2150E333-8FDC-42A3-9474-1A3956D46DE8}") = "Core", "Core", "{7DC37B39-1C40-4E38-9ECC-E7AEF063817A}"
EndProject
Project("{2150E333-8FDC-42A3-9474-1A3956D46DE8}") = "Infra", "Infra", "{5F555565-891D-458C-8C90-17D1250E2A4B}"
EndProject
Project("{2150E333-8FDC-42A3-9474-1A3956D46DE8}") = "Api", "Api", "{0FD84D41-27C4-4FD7-A6DA-5800F84DA409}"
EndProject
Project("{2150E333-8FDC-42A3-9474-1A3956D46DE8}") = "Test", "Test", "{BAC1FEF3-E79B-4F7A-9638-590D68D5A40F}"
EndProject
Project("{FAE04EC0-301F-11D3-BF4B-00C04F79EFBC}") = "ClinicManagementSystem.Domain", "ClinicManagementSystem.Domain\ClinicManagementSystem.Domain.csproj", "{694BA0FD-23A5-409A-893D-6A67E7853461}"
EndProject
Project("{FAE04EC0-301F-11D3-BF4B-00C04F79EFBC}") = "ClinicManagementSystem.Persistence", "ClinicManagementSystem.Persistence\ClinicManagementSystem.Persistence.csproj", "{C926C9D8-8947-4A85-8D4E-6216B1C41D90}"
EndProject
Project("{FAE04EC0-301F-11D3-BF4B-00C04F79EFBC}") = "ClinicManagementSystem.API", "ClinicManagementSystem.API\ClinicManagementSystem.API.csproj", "{093CCE2E-48A2-4A94-AD48-452675DFD27E}"
EndProject
Project("{FAE04EC0-301F-11D3-BF4B-00C04F79EFBC}") = "ClinicManagementSystem.Tests", "ClinicManagementSystem.Tests\ClinicManagementSystem.Tests.csproj", "{D04ADF91-91C4-40B6-88F5-9FD31ACB4EBF}"
EndProject
Project("{FAE04EC0-301F-11D3-BF4B-00C04F79EFBC}") = "ClinicManagementSystem.Shared", "ClinicManagementSystem.Shared\ClinicManagementSystem.Shared.csproj", "{DC159E7A-96EC-4D6C-9E13-BA7D1C2582AC}"
EndProject
Project("{FAE04EC0-301F-11D3-BF4B-00C04F79EFBC}") = "ClinicManagementSystem.Api.Config", "ClinicManagementSystem.Api.Config\ClinicManagementSystem.Api.Config.csproj", "{09ED6FDA-B55F-4FFE-9343-AE594485852A}"
EndProject
Project("{FAE04EC0-301F-11D3-BF4B-00C04F79EFBC}") = "ClinicManagementSystem.Data", "ClinicManagementSystem.Data\ClinicManagementSystem.Data.csproj", "{9FBBC194-3DDD-4C41-AE03-4F30B7723B9A}"
EndProject
Global
	GlobalSection(SolutionConfigurationPlatforms) = preSolution
		Debug|Any CPU = Debug|Any CPU
		Release|Any CPU = Release|Any CPU
	EndGlobalSection
	GlobalSection(NestedProjects) = preSolution
		{694BA0FD-23A5-409A-893D-6A67E7853461} = {7DC37B39-1C40-4E38-9ECC-E7AEF063817A}
		{C926C9D8-8947-4A85-8D4E-6216B1C41D90} = {5F555565-891D-458C-8C90-17D1250E2A4B}
		{093CCE2E-48A2-4A94-AD48-452675DFD27E} = {0FD84D41-27C4-4FD7-A6DA-5800F84DA409}
		{D04ADF91-91C4-40B6-88F5-9FD31ACB4EBF} = {BAC1FEF3-E79B-4F7A-9638-590D68D5A40F}
		{DC159E7A-96EC-4D6C-9E13-BA7D1C2582AC} = {7DC37B39-1C40-4E38-9ECC-E7AEF063817A}
		{09ED6FDA-B55F-4FFE-9343-AE594485852A} = {0FD84D41-27C4-4FD7-A6DA-5800F84DA409}
		{9FBBC194-3DDD-4C41-AE03-4F30B7723B9A} = {5F555565-891D-458C-8C90-17D1250E2A4B}
	EndGlobalSection
	GlobalSection(ProjectConfigurationPlatforms) = postSolution
		{694BA0FD-23A5-409A-893D-6A67E7853461}.Debug|Any CPU.ActiveCfg = Debug|Any CPU
		{694BA0FD-23A5-409A-893D-6A67E7853461}.Debug|Any CPU.Build.0 = Debug|Any CPU
		{694BA0FD-23A5-409A-893D-6A67E7853461}.Release|Any CPU.ActiveCfg = Release|Any CPU
		{694BA0FD-23A5-409A-893D-6A67E7853461}.Release|Any CPU.Build.0 = Release|Any CPU
		{C926C9D8-8947-4A85-8D4E-6216B1C41D90}.Debug|Any CPU.ActiveCfg = Debug|Any CPU
		{C926C9D8-8947-4A85-8D4E-6216B1C41D90}.Debug|Any CPU.Build.0 = Debug|Any CPU
		{C926C9D8-8947-4A85-8D4E-6216B1C41D90}.Release|Any CPU.ActiveCfg = Release|Any CPU
		{C926C9D8-8947-4A85-8D4E-6216B1C41D90}.Release|Any CPU.Build.0 = Release|Any CPU
		{093CCE2E-48A2-4A94-AD48-452675DFD27E}.Debug|Any CPU.ActiveCfg = Debug|Any CPU
		{093CCE2E-48A2-4A94-AD48-452675DFD27E}.Debug|Any CPU.Build.0 = Debug|Any CPU
		{093CCE2E-48A2-4A94-AD48-452675DFD27E}.Release|Any CPU.ActiveCfg = Release|Any CPU
		{093CCE2E-48A2-4A94-AD48-452675DFD27E}.Release|Any CPU.Build.0 = Release|Any CPU
		{D04ADF91-91C4-40B6-88F5-9FD31ACB4EBF}.Debug|Any CPU.ActiveCfg = Debug|Any CPU
		{D04ADF91-91C4-40B6-88F5-9FD31ACB4EBF}.Debug|Any CPU.Build.0 = Debug|Any CPU
		{D04ADF91-91C4-40B6-88F5-9FD31ACB4EBF}.Release|Any CPU.ActiveCfg = Release|Any CPU
		{D04ADF91-91C4-40B6-88F5-9FD31ACB4EBF}.Release|Any CPU.Build.0 = Release|Any CPU
		{DC159E7A-96EC-4D6C-9E13-BA7D1C2582AC}.Debug|Any CPU.ActiveCfg = Debug|Any CPU
		{DC159E7A-96EC-4D6C-9E13-BA7D1C2582AC}.Debug|Any CPU.Build.0 = Debug|Any CPU
		{DC159E7A-96EC-4D6C-9E13-BA7D1C2582AC}.Release|Any CPU.ActiveCfg = Release|Any CPU
		{DC159E7A-96EC-4D6C-9E13-BA7D1C2582AC}.Release|Any CPU.Build.0 = Release|Any CPU
		{09ED6FDA-B55F-4FFE-9343-AE594485852A}.Debug|Any CPU.ActiveCfg = Debug|Any CPU
		{09ED6FDA-B55F-4FFE-9343-AE594485852A}.Debug|Any CPU.Build.0 = Debug|Any CPU
		{09ED6FDA-B55F-4FFE-9343-AE594485852A}.Release|Any CPU.ActiveCfg = Release|Any CPU
		{09ED6FDA-B55F-4FFE-9343-AE594485852A}.Release|Any CPU.Build.0 = Release|Any CPU
		{9FBBC194-3DDD-4C41-AE03-4F30B7723B9A}.Debug|Any CPU.ActiveCfg = Debug|Any CPU
		{9FBBC194-3DDD-4C41-AE03-4F30B7723B9A}.Debug|Any CPU.Build.0 = Debug|Any CPU
		{9FBBC194-3DDD-4C41-AE03-4F30B7723B9A}.Release|Any CPU.ActiveCfg = Release|Any CPU
		{9FBBC194-3DDD-4C41-AE03-4F30B7723B9A}.Release|Any CPU.Build.0 = Release|Any CPU
	EndGlobalSection
EndGlobal
